
Microsoft Visual Studio Solution File, Format Version 12.00
# Visual Studio Version 16
VisualStudioVersion = 16.0.31019.35
MinimumVisualStudioVersion = 10.0.40219.1
Project("{FAE04EC0-301F-11D3-BF4B-00C04F79EFBC}") = "CalculatorConsoleApp", "CalculatorConsoleApp.csproj", "{F39524B1-CFFE-42B2-8FA2-F05F530E31E3}"
EndProject
Project("{FAE04EC0-301F-11D3-BF4B-00C04F79EFBC}") = "CalculatorWindowsFormsApp", "..\CalculatorWindowsFormsApp\CalculatorWindowsFormsApp.csproj", "{58A46C8A-3920-4609-AF84-364806E22E9C}"
EndProject
Project("{FAE04EC0-301F-11D3-BF4B-00C04F79EFBC}") = "CalculatorMachine", "..\CalculatorMachine\CalculatorMachine.csproj", "{4BE5BD3F-6434-4F72-A427-52BA4C329047}"
EndProject
Global
	GlobalSection(SolutionConfigurationPlatforms) = preSolution
		Debug|Any CPU = Debug|Any CPU
		Release|Any CPU = Release|Any CPU
	EndGlobalSection
	GlobalSection(ProjectConfigurationPlatforms) = postSolution
		{F39524B1-CFFE-42B2-8FA2-F05F530E31E3}.Debug|Any CPU.ActiveCfg = Debug|Any CPU
		{F39524B1-CFFE-42B2-8FA2-F05F530E31E3}.Debug|Any CPU.Build.0 = Debug|Any CPU
		{F39524B1-CFFE-42B2-8FA2-F05F530E31E3}.Release|Any CPU.ActiveCfg = Release|Any CPU
		{F39524B1-CFFE-42B2-8FA2-F05F530E31E3}.Release|Any CPU.Build.0 = Release|Any CPU
		{58A46C8A-3920-4609-AF84-364806E22E9C}.Debug|Any CPU.ActiveCfg = Debug|Any CPU
		{58A46C8A-3920-4609-AF84-364806E22E9C}.Debug|Any CPU.Build.0 = Debug|Any CPU
		{58A46C8A-3920-4609-AF84-364806E22E9C}.Release|Any CPU.ActiveCfg = Release|Any CPU
		{58A46C8A-3920-4609-AF84-364806E22E9C}.Release|Any CPU.Build.0 = Release|Any CPU
		{4BE5BD3F-6434-4F72-A427-52BA4C329047}.Debug|Any CPU.ActiveCfg = Debug|Any CPU
		{4BE5BD3F-6434-4F72-A427-52BA4C329047}.Debug|Any CPU.Build.0 = Debug|Any CPU
		{4BE5BD3F-6434-4F72-A427-52BA4C329047}.Release|Any CPU.ActiveCfg = Release|Any CPU
		{4BE5BD3F-6434-4F72-A427-52BA4C329047}.Release|Any CPU.Build.0 = Release|Any CPU
	EndGlobalSection
	GlobalSection(SolutionProperties) = preSolution
		HideSolutionNode = FALSE
	EndGlobalSection
	GlobalSection(ExtensibilityGlobals) = postSolution
		SolutionGuid = {F7D707A1-282C-4CAF-BE5A-ACC5521777FA}
	EndGlobalSection
EndGlobal
